
Microsoft Visual Studio Solution File, Format Version 12.00
# Visual Studio 14
VisualStudioVersion = 14.0.25420.1
MinimumVisualStudioVersion = 10.0.40219.1
Project("{FAE04EC0-301F-11D3-BF4B-00C04F79EFBC}") = "01.DayOfWeek", "01.DayOfWeek\01.DayOfWeek.csproj", "{42B24FE9-C61B-4724-8A3B-9BA183A08D2B}"
EndProject
Project("{FAE04EC0-301F-11D3-BF4B-00C04F79EFBC}") = "02.RandomizeWords", "02.RandomizeWords\02.RandomizeWords.csproj", "{8447307E-5502-42C6-9615-F5154444F68F}"
EndProject
Project("{FAE04EC0-301F-11D3-BF4B-00C04F79EFBC}") = "03.BigFactorial", "03.BigFactorial\03.BigFactorial.csproj", "{6E6E515B-3F72-40DE-BDEB-6C9C8E5EA8ED}"
EndProject
Project("{FAE04EC0-301F-11D3-BF4B-00C04F79EFBC}") = "04.DistanceBetweenPoints", "04.DistanceBetweenPoints\04.DistanceBetweenPoints.csproj", "{B27A475B-CAB8-4396-800A-601E158530AF}"
EndProject
Project("{FAE04EC0-301F-11D3-BF4B-00C04F79EFBC}") = "05.ClosestTwoPoints", "05.ClosestTwoPoints\05.ClosestTwoPoints.csproj", "{67A0764D-ECCD-4A52-A14E-5BEF31542CD9}"
EndProject
Project("{FAE04EC0-301F-11D3-BF4B-00C04F79EFBC}") = "06.RectanglePosition", "06.RectanglePosition\06.RectanglePosition.csproj", "{416FBD7B-39ED-4CF8-AF80-E058EE511E37}"
EndProject
Project("{FAE04EC0-301F-11D3-BF4B-00C04F79EFBC}") = "07.SalesReport", "07.SalesReport\07.SalesReport.csproj", "{D6666B46-E85D-4D75-97DA-426B9A785418}"
EndProject
Global
	GlobalSection(SolutionConfigurationPlatforms) = preSolution
		Debug|Any CPU = Debug|Any CPU
		Release|Any CPU = Release|Any CPU
	EndGlobalSection
	GlobalSection(ProjectConfigurationPlatforms) = postSolution
		{42B24FE9-C61B-4724-8A3B-9BA183A08D2B}.Debug|Any CPU.ActiveCfg = Debug|Any CPU
		{42B24FE9-C61B-4724-8A3B-9BA183A08D2B}.Debug|Any CPU.Build.0 = Debug|Any CPU
		{42B24FE9-C61B-4724-8A3B-9BA183A08D2B}.Release|Any CPU.ActiveCfg = Release|Any CPU
		{42B24FE9-C61B-4724-8A3B-9BA183A08D2B}.Release|Any CPU.Build.0 = Release|Any CPU
		{8447307E-5502-42C6-9615-F5154444F68F}.Debug|Any CPU.ActiveCfg = Debug|Any CPU
		{8447307E-5502-42C6-9615-F5154444F68F}.Debug|Any CPU.Build.0 = Debug|Any CPU
		{8447307E-5502-42C6-9615-F5154444F68F}.Release|Any CPU.ActiveCfg = Release|Any CPU
		{8447307E-5502-42C6-9615-F5154444F68F}.Release|Any CPU.Build.0 = Release|Any CPU
		{6E6E515B-3F72-40DE-BDEB-6C9C8E5EA8ED}.Debug|Any CPU.ActiveCfg = Debug|Any CPU
		{6E6E515B-3F72-40DE-BDEB-6C9C8E5EA8ED}.Debug|Any CPU.Build.0 = Debug|Any CPU
		{6E6E515B-3F72-40DE-BDEB-6C9C8E5EA8ED}.Release|Any CPU.ActiveCfg = Release|Any CPU
		{6E6E515B-3F72-40DE-BDEB-6C9C8E5EA8ED}.Release|Any CPU.Build.0 = Release|Any CPU
		{B27A475B-CAB8-4396-800A-601E158530AF}.Debug|Any CPU.ActiveCfg = Debug|Any CPU
		{B27A475B-CAB8-4396-800A-601E158530AF}.Debug|Any CPU.Build.0 = Debug|Any CPU
		{B27A475B-CAB8-4396-800A-601E158530AF}.Release|Any CPU.ActiveCfg = Release|Any CPU
		{B27A475B-CAB8-4396-800A-601E158530AF}.Release|Any CPU.Build.0 = Release|Any CPU
		{67A0764D-ECCD-4A52-A14E-5BEF31542CD9}.Debug|Any CPU.ActiveCfg = Debug|Any CPU
		{67A0764D-ECCD-4A52-A14E-5BEF31542CD9}.Debug|Any CPU.Build.0 = Debug|Any CPU
		{67A0764D-ECCD-4A52-A14E-5BEF31542CD9}.Release|Any CPU.ActiveCfg = Release|Any CPU
		{67A0764D-ECCD-4A52-A14E-5BEF31542CD9}.Release|Any CPU.Build.0 = Release|Any CPU
		{416FBD7B-39ED-4CF8-AF80-E058EE511E37}.Debug|Any CPU.ActiveCfg = Debug|Any CPU
		{416FBD7B-39ED-4CF8-AF80-E058EE511E37}.Debug|Any CPU.Build.0 = Debug|Any CPU
		{416FBD7B-39ED-4CF8-AF80-E058EE511E37}.Release|Any CPU.ActiveCfg = Release|Any CPU
		{416FBD7B-39ED-4CF8-AF80-E058EE511E37}.Release|Any CPU.Build.0 = Release|Any CPU
		{D6666B46-E85D-4D75-97DA-426B9A785418}.Debug|Any CPU.ActiveCfg = Debug|Any CPU
		{D6666B46-E85D-4D75-97DA-426B9A785418}.Debug|Any CPU.Build.0 = Debug|Any CPU
		{D6666B46-E85D-4D75-97DA-426B9A785418}.Release|Any CPU.ActiveCfg = Release|Any CPU
		{D6666B46-E85D-4D75-97DA-426B9A785418}.Release|Any CPU.Build.0 = Release|Any CPU
	EndGlobalSection
	GlobalSection(SolutionProperties) = preSolution
		HideSolutionNode = FALSE
	EndGlobalSection
EndGlobal
