
Microsoft Visual Studio Solution File, Format Version 12.00
# Visual Studio 14
VisualStudioVersion = 14.0.25420.1
MinimumVisualStudioVersion = 10.0.40219.1
Project("{FAE04EC0-301F-11D3-BF4B-00C04F79EFBC}") = "SoftuniCoffeeOrders", "SoftuniCoffeeOrders\SoftuniCoffeeOrders.csproj", "{9E548096-7BC9-4632-A643-CD500B472B18}"
EndProject
Project("{FAE04EC0-301F-11D3-BF4B-00C04F79EFBC}") = "CommandInterpreter", "CommandInterpreter\CommandInterpreter.csproj", "{F65EEFC7-4353-4E42-8BB9-D9EE61545CD4}"
EndProject
Project("{FAE04EC0-301F-11D3-BF4B-00C04F79EFBC}") = "Files", "Files\Files.csproj", "{32425DD3-0DEC-49A4-BB16-9935917B91A9}"
EndProject
Project("{FAE04EC0-301F-11D3-BF4B-00C04F79EFBC}") = "RageQuit", "RageQuit\RageQuit.csproj", "{742A03DB-DB9D-4ED5-A9F2-FC0BD95BF722}"
EndProject
Project("{FAE04EC0-301F-11D3-BF4B-00C04F79EFBC}") = "FilesWithClasses", "FilesWithClasses\FilesWithClasses.csproj", "{BC73E56F-7B8B-4E01-9B0D-064703C1CE2F}"
EndProject
Global
	GlobalSection(SolutionConfigurationPlatforms) = preSolution
		Debug|Any CPU = Debug|Any CPU
		Release|Any CPU = Release|Any CPU
	EndGlobalSection
	GlobalSection(ProjectConfigurationPlatforms) = postSolution
		{9E548096-7BC9-4632-A643-CD500B472B18}.Debug|Any CPU.ActiveCfg = Debug|Any CPU
		{9E548096-7BC9-4632-A643-CD500B472B18}.Debug|Any CPU.Build.0 = Debug|Any CPU
		{9E548096-7BC9-4632-A643-CD500B472B18}.Release|Any CPU.ActiveCfg = Release|Any CPU
		{9E548096-7BC9-4632-A643-CD500B472B18}.Release|Any CPU.Build.0 = Release|Any CPU
		{F65EEFC7-4353-4E42-8BB9-D9EE61545CD4}.Debug|Any CPU.ActiveCfg = Debug|Any CPU
		{F65EEFC7-4353-4E42-8BB9-D9EE61545CD4}.Debug|Any CPU.Build.0 = Debug|Any CPU
		{F65EEFC7-4353-4E42-8BB9-D9EE61545CD4}.Release|Any CPU.ActiveCfg = Release|Any CPU
		{F65EEFC7-4353-4E42-8BB9-D9EE61545CD4}.Release|Any CPU.Build.0 = Release|Any CPU
		{32425DD3-0DEC-49A4-BB16-9935917B91A9}.Debug|Any CPU.ActiveCfg = Debug|Any CPU
		{32425DD3-0DEC-49A4-BB16-9935917B91A9}.Debug|Any CPU.Build.0 = Debug|Any CPU
		{32425DD3-0DEC-49A4-BB16-9935917B91A9}.Release|Any CPU.ActiveCfg = Release|Any CPU
		{32425DD3-0DEC-49A4-BB16-9935917B91A9}.Release|Any CPU.Build.0 = Release|Any CPU
		{742A03DB-DB9D-4ED5-A9F2-FC0BD95BF722}.Debug|Any CPU.ActiveCfg = Debug|Any CPU
		{742A03DB-DB9D-4ED5-A9F2-FC0BD95BF722}.Debug|Any CPU.Build.0 = Debug|Any CPU
		{742A03DB-DB9D-4ED5-A9F2-FC0BD95BF722}.Release|Any CPU.ActiveCfg = Release|Any CPU
		{742A03DB-DB9D-4ED5-A9F2-FC0BD95BF722}.Release|Any CPU.Build.0 = Release|Any CPU
		{BC73E56F-7B8B-4E01-9B0D-064703C1CE2F}.Debug|Any CPU.ActiveCfg = Debug|Any CPU
		{BC73E56F-7B8B-4E01-9B0D-064703C1CE2F}.Debug|Any CPU.Build.0 = Debug|Any CPU
		{BC73E56F-7B8B-4E01-9B0D-064703C1CE2F}.Release|Any CPU.ActiveCfg = Release|Any CPU
		{BC73E56F-7B8B-4E01-9B0D-064703C1CE2F}.Release|Any CPU.Build.0 = Release|Any CPU
	EndGlobalSection
	GlobalSection(SolutionProperties) = preSolution
		HideSolutionNode = FALSE
	EndGlobalSection
EndGlobal
