
Microsoft Visual Studio Solution File, Format Version 12.00
# Visual Studio 14
VisualStudioVersion = 14.0.25420.1
MinimumVisualStudioVersion = 10.0.40219.1
Project("{FAE04EC0-301F-11D3-BF4B-00C04F79EFBC}") = "01.CountWorkingDays", "01.CountWorkingDays\01.CountWorkingDays.csproj", "{0367E96E-97FC-406E-B645-84C7C2A7917B}"
EndProject
Project("{FAE04EC0-301F-11D3-BF4B-00C04F79EFBC}") = "02.AdvertisementMessage", "02.AdvertisementMessage\02.AdvertisementMessage.csproj", "{526214AA-F46E-4D36-BAD1-DB991F8AAA21}"
EndProject
Project("{FAE04EC0-301F-11D3-BF4B-00C04F79EFBC}") = "03.IntersectionCircles", "03.IntersectionCircles\03.IntersectionCircles.csproj", "{DE47FC7C-D45B-4EF3-AB24-BB1E58930855}"
EndProject
Project("{FAE04EC0-301F-11D3-BF4B-00C04F79EFBC}") = "04.AverageGrades", "04.AverageGrades\04.AverageGrades.csproj", "{5542653D-8BD3-4F29-ACDA-916C2B07AD59}"
EndProject
Project("{FAE04EC0-301F-11D3-BF4B-00C04F79EFBC}") = "05.BookLibrary", "05.BookLibrary\05.BookLibrary.csproj", "{CA41232A-DE67-40FE-99FF-EA5BD35DF09C}"
EndProject
Project("{FAE04EC0-301F-11D3-BF4B-00C04F79EFBC}") = "06.BookLibraryModification", "06.BookLibraryModification\06.BookLibraryModification.csproj", "{C9FFBAFE-CDF4-409C-BB33-7CBA19C3F9D5}"
EndProject
Project("{FAE04EC0-301F-11D3-BF4B-00C04F79EFBC}") = "07.AndreyBilliard", "07.AndreyBilliard\07.AndreyBilliard.csproj", "{8BF7A25B-8A28-43D2-AEA5-D5F4113C4D00}"
EndProject
Project("{FAE04EC0-301F-11D3-BF4B-00C04F79EFBC}") = "08.MentorGroup", "08.MentorGroup\08.MentorGroup.csproj", "{9CF5BFF9-2B38-4B00-B95C-1E76ADACFE81}"
EndProject
Global
	GlobalSection(SolutionConfigurationPlatforms) = preSolution
		Debug|Any CPU = Debug|Any CPU
		Release|Any CPU = Release|Any CPU
	EndGlobalSection
	GlobalSection(ProjectConfigurationPlatforms) = postSolution
		{0367E96E-97FC-406E-B645-84C7C2A7917B}.Debug|Any CPU.ActiveCfg = Debug|Any CPU
		{0367E96E-97FC-406E-B645-84C7C2A7917B}.Debug|Any CPU.Build.0 = Debug|Any CPU
		{0367E96E-97FC-406E-B645-84C7C2A7917B}.Release|Any CPU.ActiveCfg = Release|Any CPU
		{0367E96E-97FC-406E-B645-84C7C2A7917B}.Release|Any CPU.Build.0 = Release|Any CPU
		{526214AA-F46E-4D36-BAD1-DB991F8AAA21}.Debug|Any CPU.ActiveCfg = Debug|Any CPU
		{526214AA-F46E-4D36-BAD1-DB991F8AAA21}.Debug|Any CPU.Build.0 = Debug|Any CPU
		{526214AA-F46E-4D36-BAD1-DB991F8AAA21}.Release|Any CPU.ActiveCfg = Release|Any CPU
		{526214AA-F46E-4D36-BAD1-DB991F8AAA21}.Release|Any CPU.Build.0 = Release|Any CPU
		{DE47FC7C-D45B-4EF3-AB24-BB1E58930855}.Debug|Any CPU.ActiveCfg = Debug|Any CPU
		{DE47FC7C-D45B-4EF3-AB24-BB1E58930855}.Debug|Any CPU.Build.0 = Debug|Any CPU
		{DE47FC7C-D45B-4EF3-AB24-BB1E58930855}.Release|Any CPU.ActiveCfg = Release|Any CPU
		{DE47FC7C-D45B-4EF3-AB24-BB1E58930855}.Release|Any CPU.Build.0 = Release|Any CPU
		{5542653D-8BD3-4F29-ACDA-916C2B07AD59}.Debug|Any CPU.ActiveCfg = Debug|Any CPU
		{5542653D-8BD3-4F29-ACDA-916C2B07AD59}.Debug|Any CPU.Build.0 = Debug|Any CPU
		{5542653D-8BD3-4F29-ACDA-916C2B07AD59}.Release|Any CPU.ActiveCfg = Release|Any CPU
		{5542653D-8BD3-4F29-ACDA-916C2B07AD59}.Release|Any CPU.Build.0 = Release|Any CPU
		{CA41232A-DE67-40FE-99FF-EA5BD35DF09C}.Debug|Any CPU.ActiveCfg = Debug|Any CPU
		{CA41232A-DE67-40FE-99FF-EA5BD35DF09C}.Debug|Any CPU.Build.0 = Debug|Any CPU
		{CA41232A-DE67-40FE-99FF-EA5BD35DF09C}.Release|Any CPU.ActiveCfg = Release|Any CPU
		{CA41232A-DE67-40FE-99FF-EA5BD35DF09C}.Release|Any CPU.Build.0 = Release|Any CPU
		{C9FFBAFE-CDF4-409C-BB33-7CBA19C3F9D5}.Debug|Any CPU.ActiveCfg = Debug|Any CPU
		{C9FFBAFE-CDF4-409C-BB33-7CBA19C3F9D5}.Debug|Any CPU.Build.0 = Debug|Any CPU
		{C9FFBAFE-CDF4-409C-BB33-7CBA19C3F9D5}.Release|Any CPU.ActiveCfg = Release|Any CPU
		{C9FFBAFE-CDF4-409C-BB33-7CBA19C3F9D5}.Release|Any CPU.Build.0 = Release|Any CPU
		{8BF7A25B-8A28-43D2-AEA5-D5F4113C4D00}.Debug|Any CPU.ActiveCfg = Debug|Any CPU
		{8BF7A25B-8A28-43D2-AEA5-D5F4113C4D00}.Debug|Any CPU.Build.0 = Debug|Any CPU
		{8BF7A25B-8A28-43D2-AEA5-D5F4113C4D00}.Release|Any CPU.ActiveCfg = Release|Any CPU
		{8BF7A25B-8A28-43D2-AEA5-D5F4113C4D00}.Release|Any CPU.Build.0 = Release|Any CPU
		{9CF5BFF9-2B38-4B00-B95C-1E76ADACFE81}.Debug|Any CPU.ActiveCfg = Debug|Any CPU
		{9CF5BFF9-2B38-4B00-B95C-1E76ADACFE81}.Debug|Any CPU.Build.0 = Debug|Any CPU
		{9CF5BFF9-2B38-4B00-B95C-1E76ADACFE81}.Release|Any CPU.ActiveCfg = Release|Any CPU
		{9CF5BFF9-2B38-4B00-B95C-1E76ADACFE81}.Release|Any CPU.Build.0 = Release|Any CPU
	EndGlobalSection
	GlobalSection(SolutionProperties) = preSolution
		HideSolutionNode = FALSE
	EndGlobalSection
EndGlobal
