
Microsoft Visual Studio Solution File, Format Version 12.00
# Visual Studio 14
VisualStudioVersion = 14.0.25420.1
MinimumVisualStudioVersion = 10.0.40219.1
Project("{FAE04EC0-301F-11D3-BF4B-00C04F79EFBC}") = "01.DistinctList", "01.DistinctList\01.DistinctList.csproj", "{54682EC4-F5CF-423F-B810-32A1BFD0CE23}"
EndProject
Project("{FAE04EC0-301F-11D3-BF4B-00C04F79EFBC}") = "02.IntegerInsertion", "02.IntegerInsertion\02.IntegerInsertion.csproj", "{E0C4B6B3-E6BE-4ED3-B5A2-65C443DEF6A9}"
EndProject
Project("{FAE04EC0-301F-11D3-BF4B-00C04F79EFBC}") = "03.UnunionLists", "03.UnunionLists\03.UnunionLists.csproj", "{A86B4073-7B44-4E07-8175-3814C4169E69}"
EndProject
Project("{FAE04EC0-301F-11D3-BF4B-00C04F79EFBC}") = "05.NoteStatistics", "05.NoteStatistics\05.NoteStatistics.csproj", "{054FC6C3-D215-4F67-9373-5CFB607818A7}"
EndProject
Project("{FAE04EC0-301F-11D3-BF4B-00C04F79EFBC}") = "06.Winecraft", "06.Winecraft\06.Winecraft.csproj", "{E6C31BA5-08E3-4C9B-A0EA-9A24D1CD37FE}"
EndProject
Global
	GlobalSection(SolutionConfigurationPlatforms) = preSolution
		Debug|Any CPU = Debug|Any CPU
		Release|Any CPU = Release|Any CPU
	EndGlobalSection
	GlobalSection(ProjectConfigurationPlatforms) = postSolution
		{54682EC4-F5CF-423F-B810-32A1BFD0CE23}.Debug|Any CPU.ActiveCfg = Debug|Any CPU
		{54682EC4-F5CF-423F-B810-32A1BFD0CE23}.Debug|Any CPU.Build.0 = Debug|Any CPU
		{54682EC4-F5CF-423F-B810-32A1BFD0CE23}.Release|Any CPU.ActiveCfg = Release|Any CPU
		{54682EC4-F5CF-423F-B810-32A1BFD0CE23}.Release|Any CPU.Build.0 = Release|Any CPU
		{E0C4B6B3-E6BE-4ED3-B5A2-65C443DEF6A9}.Debug|Any CPU.ActiveCfg = Debug|Any CPU
		{E0C4B6B3-E6BE-4ED3-B5A2-65C443DEF6A9}.Debug|Any CPU.Build.0 = Debug|Any CPU
		{E0C4B6B3-E6BE-4ED3-B5A2-65C443DEF6A9}.Release|Any CPU.ActiveCfg = Release|Any CPU
		{E0C4B6B3-E6BE-4ED3-B5A2-65C443DEF6A9}.Release|Any CPU.Build.0 = Release|Any CPU
		{A86B4073-7B44-4E07-8175-3814C4169E69}.Debug|Any CPU.ActiveCfg = Debug|Any CPU
		{A86B4073-7B44-4E07-8175-3814C4169E69}.Debug|Any CPU.Build.0 = Debug|Any CPU
		{A86B4073-7B44-4E07-8175-3814C4169E69}.Release|Any CPU.ActiveCfg = Release|Any CPU
		{A86B4073-7B44-4E07-8175-3814C4169E69}.Release|Any CPU.Build.0 = Release|Any CPU
		{054FC6C3-D215-4F67-9373-5CFB607818A7}.Debug|Any CPU.ActiveCfg = Debug|Any CPU
		{054FC6C3-D215-4F67-9373-5CFB607818A7}.Debug|Any CPU.Build.0 = Debug|Any CPU
		{054FC6C3-D215-4F67-9373-5CFB607818A7}.Release|Any CPU.ActiveCfg = Release|Any CPU
		{054FC6C3-D215-4F67-9373-5CFB607818A7}.Release|Any CPU.Build.0 = Release|Any CPU
		{E6C31BA5-08E3-4C9B-A0EA-9A24D1CD37FE}.Debug|Any CPU.ActiveCfg = Debug|Any CPU
		{E6C31BA5-08E3-4C9B-A0EA-9A24D1CD37FE}.Debug|Any CPU.Build.0 = Debug|Any CPU
		{E6C31BA5-08E3-4C9B-A0EA-9A24D1CD37FE}.Release|Any CPU.ActiveCfg = Release|Any CPU
		{E6C31BA5-08E3-4C9B-A0EA-9A24D1CD37FE}.Release|Any CPU.Build.0 = Release|Any CPU
	EndGlobalSection
	GlobalSection(SolutionProperties) = preSolution
		HideSolutionNode = FALSE
	EndGlobalSection
EndGlobal
