
Microsoft Visual Studio Solution File, Format Version 12.00
# Visual Studio 14
VisualStudioVersion = 14.0.25420.1
MinimumVisualStudioVersion = 10.0.40219.1
Project("{FAE04EC0-301F-11D3-BF4B-00C04F79EFBC}") = "01.HornetWings", "01.HornetWings\01.HornetWings.csproj", "{79B72176-5989-4A11-8A51-E7E647D71626}"
EndProject
Project("{FAE04EC0-301F-11D3-BF4B-00C04F79EFBC}") = "02.HornetComm", "02.HornetComm\02.HornetComm.csproj", "{DDC7711B-D6C7-4975-BA7B-C06A4E885FC1}"
EndProject
Project("{FAE04EC0-301F-11D3-BF4B-00C04F79EFBC}") = "03.HornetAssault", "03.HornetAssault\03.HornetAssault.csproj", "{55EBD30D-1516-4EFE-96FD-4B6893F771B2}"
EndProject
Project("{FAE04EC0-301F-11D3-BF4B-00C04F79EFBC}") = "04.HornetArmada", "04.HornetArmada\04.HornetArmada.csproj", "{2B51275D-EB14-4BE3-9966-519827BE4173}"
EndProject
Global
	GlobalSection(SolutionConfigurationPlatforms) = preSolution
		Debug|Any CPU = Debug|Any CPU
		Release|Any CPU = Release|Any CPU
	EndGlobalSection
	GlobalSection(ProjectConfigurationPlatforms) = postSolution
		{79B72176-5989-4A11-8A51-E7E647D71626}.Debug|Any CPU.ActiveCfg = Debug|Any CPU
		{79B72176-5989-4A11-8A51-E7E647D71626}.Debug|Any CPU.Build.0 = Debug|Any CPU
		{79B72176-5989-4A11-8A51-E7E647D71626}.Release|Any CPU.ActiveCfg = Release|Any CPU
		{79B72176-5989-4A11-8A51-E7E647D71626}.Release|Any CPU.Build.0 = Release|Any CPU
		{DDC7711B-D6C7-4975-BA7B-C06A4E885FC1}.Debug|Any CPU.ActiveCfg = Debug|Any CPU
		{DDC7711B-D6C7-4975-BA7B-C06A4E885FC1}.Debug|Any CPU.Build.0 = Debug|Any CPU
		{DDC7711B-D6C7-4975-BA7B-C06A4E885FC1}.Release|Any CPU.ActiveCfg = Release|Any CPU
		{DDC7711B-D6C7-4975-BA7B-C06A4E885FC1}.Release|Any CPU.Build.0 = Release|Any CPU
		{55EBD30D-1516-4EFE-96FD-4B6893F771B2}.Debug|Any CPU.ActiveCfg = Debug|Any CPU
		{55EBD30D-1516-4EFE-96FD-4B6893F771B2}.Debug|Any CPU.Build.0 = Debug|Any CPU
		{55EBD30D-1516-4EFE-96FD-4B6893F771B2}.Release|Any CPU.ActiveCfg = Release|Any CPU
		{55EBD30D-1516-4EFE-96FD-4B6893F771B2}.Release|Any CPU.Build.0 = Release|Any CPU
		{2B51275D-EB14-4BE3-9966-519827BE4173}.Debug|Any CPU.ActiveCfg = Debug|Any CPU
		{2B51275D-EB14-4BE3-9966-519827BE4173}.Debug|Any CPU.Build.0 = Debug|Any CPU
		{2B51275D-EB14-4BE3-9966-519827BE4173}.Release|Any CPU.ActiveCfg = Release|Any CPU
		{2B51275D-EB14-4BE3-9966-519827BE4173}.Release|Any CPU.Build.0 = Release|Any CPU
	EndGlobalSection
	GlobalSection(SolutionProperties) = preSolution
		HideSolutionNode = FALSE
	EndGlobalSection
EndGlobal
