
Microsoft Visual Studio Solution File, Format Version 12.00
# Visual Studio 14
VisualStudioVersion = 14.0.25420.1
MinimumVisualStudioVersion = 10.0.40219.1
Project("{FAE04EC0-301F-11D3-BF4B-00C04F79EFBC}") = "CharityMarathon", "CharityMarathon\CharityMarathon.csproj", "{60010650-E7BB-40E4-BB79-64F15638EA96}"
EndProject
Project("{FAE04EC0-301F-11D3-BF4B-00C04F79EFBC}") = "Ladybugs", "Ladybugs\Ladybugs.csproj", "{E9597E8E-D331-47C6-AC9C-FE5F4D960079}"
EndProject
Project("{FAE04EC0-301F-11D3-BF4B-00C04F79EFBC}") = "RoliTheCoder", "RoliTheCoder\RoliTheCoder.csproj", "{6A0B3640-1082-4742-9CB4-C952A00B226B}"
EndProject
Project("{FAE04EC0-301F-11D3-BF4B-00C04F79EFBC}") = "NetherRealms", "NetherRealms\NetherRealms.csproj", "{15E126B3-F1FA-4B4E-A038-C2A4DF1EB393}"
EndProject
Project("{FAE04EC0-301F-11D3-BF4B-00C04F79EFBC}") = "LadyBugsAnotherResolve", "LadyBugsAnotherResolve\LadyBugsAnotherResolve.csproj", "{9C749302-2B79-4222-8127-9B7DDA8BF5D2}"
EndProject
Global
	GlobalSection(SolutionConfigurationPlatforms) = preSolution
		Debug|Any CPU = Debug|Any CPU
		Release|Any CPU = Release|Any CPU
	EndGlobalSection
	GlobalSection(ProjectConfigurationPlatforms) = postSolution
		{60010650-E7BB-40E4-BB79-64F15638EA96}.Debug|Any CPU.ActiveCfg = Debug|Any CPU
		{60010650-E7BB-40E4-BB79-64F15638EA96}.Debug|Any CPU.Build.0 = Debug|Any CPU
		{60010650-E7BB-40E4-BB79-64F15638EA96}.Release|Any CPU.ActiveCfg = Release|Any CPU
		{60010650-E7BB-40E4-BB79-64F15638EA96}.Release|Any CPU.Build.0 = Release|Any CPU
		{E9597E8E-D331-47C6-AC9C-FE5F4D960079}.Debug|Any CPU.ActiveCfg = Debug|Any CPU
		{E9597E8E-D331-47C6-AC9C-FE5F4D960079}.Debug|Any CPU.Build.0 = Debug|Any CPU
		{E9597E8E-D331-47C6-AC9C-FE5F4D960079}.Release|Any CPU.ActiveCfg = Release|Any CPU
		{E9597E8E-D331-47C6-AC9C-FE5F4D960079}.Release|Any CPU.Build.0 = Release|Any CPU
		{6A0B3640-1082-4742-9CB4-C952A00B226B}.Debug|Any CPU.ActiveCfg = Debug|Any CPU
		{6A0B3640-1082-4742-9CB4-C952A00B226B}.Debug|Any CPU.Build.0 = Debug|Any CPU
		{6A0B3640-1082-4742-9CB4-C952A00B226B}.Release|Any CPU.ActiveCfg = Release|Any CPU
		{6A0B3640-1082-4742-9CB4-C952A00B226B}.Release|Any CPU.Build.0 = Release|Any CPU
		{15E126B3-F1FA-4B4E-A038-C2A4DF1EB393}.Debug|Any CPU.ActiveCfg = Debug|Any CPU
		{15E126B3-F1FA-4B4E-A038-C2A4DF1EB393}.Debug|Any CPU.Build.0 = Debug|Any CPU
		{15E126B3-F1FA-4B4E-A038-C2A4DF1EB393}.Release|Any CPU.ActiveCfg = Release|Any CPU
		{15E126B3-F1FA-4B4E-A038-C2A4DF1EB393}.Release|Any CPU.Build.0 = Release|Any CPU
		{9C749302-2B79-4222-8127-9B7DDA8BF5D2}.Debug|Any CPU.ActiveCfg = Debug|Any CPU
		{9C749302-2B79-4222-8127-9B7DDA8BF5D2}.Debug|Any CPU.Build.0 = Debug|Any CPU
		{9C749302-2B79-4222-8127-9B7DDA8BF5D2}.Release|Any CPU.ActiveCfg = Release|Any CPU
		{9C749302-2B79-4222-8127-9B7DDA8BF5D2}.Release|Any CPU.Build.0 = Release|Any CPU
	EndGlobalSection
	GlobalSection(SolutionProperties) = preSolution
		HideSolutionNode = FALSE
	EndGlobalSection
EndGlobal
