
Microsoft Visual Studio Solution File, Format Version 12.00
# Visual Studio 14
VisualStudioVersion = 14.0.25420.1
MinimumVisualStudioVersion = 10.0.40219.1
Project("{FAE04EC0-301F-11D3-BF4B-00C04F79EFBC}") = "OperaciiSChisla", "OperaciiSChisla\OperaciiSChisla.csproj", "{BC3E621D-7525-40A3-ACE9-8596B48EDBFF}"
EndProject
Project("{FAE04EC0-301F-11D3-BF4B-00C04F79EFBC}") = "PoolPipes", "PoolPipes\PoolPipes.csproj", "{232F59EB-D796-490C-AEF7-12DBB7F76B6E}"
EndProject
Project("{FAE04EC0-301F-11D3-BF4B-00C04F79EFBC}") = "Buterfly", "Buterfly\Buterfly.csproj", "{5EEF8014-0320-4EE0-A9AB-A55ADF4E1A30}"
EndProject
Project("{FAE04EC0-301F-11D3-BF4B-00C04F79EFBC}") = "Stop", "Stop\Stop.csproj", "{A25D3C28-4DE9-4FC3-9DC8-782ABC1DF436}"
EndProject
Project("{FAE04EC0-301F-11D3-BF4B-00C04F79EFBC}") = "Division", "Division\Division.csproj", "{C2F54F60-8169-4834-A809-681587F44B83}"
EndProject
Project("{FAE04EC0-301F-11D3-BF4B-00C04F79EFBC}") = "Trip", "Trip\Trip.csproj", "{2760104F-63B0-4068-81C4-B60FB59B850E}"
EndProject
Project("{FAE04EC0-301F-11D3-BF4B-00C04F79EFBC}") = "MatchTickets", "MatchTickets\MatchTickets.csproj", "{7BA3F73E-EECB-46B2-A1EE-5655B6ED451B}"
EndProject
Project("{FAE04EC0-301F-11D3-BF4B-00C04F79EFBC}") = "BackToThePast", "BackToThePast\BackToThePast.csproj", "{8BCB7564-CE7C-4EB0-A196-4848F1C2C5CD}"
EndProject
Project("{FAE04EC0-301F-11D3-BF4B-00C04F79EFBC}") = "MagicNumbers", "MagicNumbers\MagicNumbers.csproj", "{3E705FF8-D071-4C7D-BB76-3E0E082BF95D}"
EndProject
Project("{FAE04EC0-301F-11D3-BF4B-00C04F79EFBC}") = "Diamond", "Diamond\Diamond.csproj", "{02156E03-001D-4D45-87D3-C4FE36BE574B}"
EndProject
Project("{FAE04EC0-301F-11D3-BF4B-00C04F79EFBC}") = "OnTimeForExam", "OnTimeForExam\OnTimeForExam.csproj", "{F6AC1898-61EC-46A7-90FC-7AEFFDFA2203}"
EndProject
Project("{FAE04EC0-301F-11D3-BF4B-00C04F79EFBC}") = "Digits", "Digits\Digits.csproj", "{45C16FE3-174C-4892-9D9E-90A6D474C4BC}"
EndProject
Project("{FAE04EC0-301F-11D3-BF4B-00C04F79EFBC}") = "Hospital", "Hospital\Hospital.csproj", "{04E5DBA1-81E8-49CC-ACD3-B16BD7C06825}"
EndProject
Project("{FAE04EC0-301F-11D3-BF4B-00C04F79EFBC}") = "axe", "axe\axe.csproj", "{BD082F93-ACB2-460D-8033-5612E24D79BC}"
EndProject
Project("{FAE04EC0-301F-11D3-BF4B-00C04F79EFBC}") = "BatGoikoTower", "BatGoikoTower\BatGoikoTower.csproj", "{D287BDE2-FDDB-4953-97FB-D11E6A225247}"
EndProject
Project("{FAE04EC0-301F-11D3-BF4B-00C04F79EFBC}") = "NextDay", "NextDay\NextDay.csproj", "{A4C020A9-8ED2-44EE-94AA-4C73BD4C1E94}"
EndProject
Project("{FAE04EC0-301F-11D3-BF4B-00C04F79EFBC}") = "TribonachiTriangle", "TribonachiTriangle\TribonachiTriangle.csproj", "{1C8F0C09-9698-40FD-94EC-9EC6A917F981}"
EndProject
Project("{FAE04EC0-301F-11D3-BF4B-00C04F79EFBC}") = "Sheets", "Sheets\Sheets.csproj", "{5121EB9D-8B84-42F7-BF06-C41B300D4EEA}"
EndProject
Project("{FAE04EC0-301F-11D3-BF4B-00C04F79EFBC}") = "Carpets", "Carpets\Carpets.csproj", "{F14F6F19-20CC-4146-B2F7-051395519430}"
EndProject
Project("{FAE04EC0-301F-11D3-BF4B-00C04F79EFBC}") = "SevenlandNumbers", "SevenlandNumbers\SevenlandNumbers.csproj", "{6D0FBCED-4B02-43FB-BA44-5D1614065E8A}"
EndProject
Project("{FAE04EC0-301F-11D3-BF4B-00C04F79EFBC}") = "A-nachi", "A-nachi\A-nachi.csproj", "{41F4923C-BEAE-40EA-AAB7-208323D0C3E6}"
EndProject
Project("{FAE04EC0-301F-11D3-BF4B-00C04F79EFBC}") = "HotelRoom", "HotelRoom\HotelRoom.csproj", "{37C0ADA1-529D-439E-89F9-D55E79F3AA57}"
EndProject
Project("{FAE04EC0-301F-11D3-BF4B-00C04F79EFBC}") = "Fox", "Fox\Fox.csproj", "{F338A99A-D4A6-4EAF-966F-162A5CD2ABBC}"
EndProject
Project("{FAE04EC0-301F-11D3-BF4B-00C04F79EFBC}") = "Rocket", "Rocket\Rocket.csproj", "{8F683DC1-FF52-44B9-871D-FAA54E7E121E}"
EndProject
Project("{FAE04EC0-301F-11D3-BF4B-00C04F79EFBC}") = "MaxCombination", "MaxCombination\MaxCombination.csproj", "{A5174515-C545-4176-BDAF-02B74174C717}"
EndProject
Global
	GlobalSection(SolutionConfigurationPlatforms) = preSolution
		Debug|Any CPU = Debug|Any CPU
		Release|Any CPU = Release|Any CPU
	EndGlobalSection
	GlobalSection(ProjectConfigurationPlatforms) = postSolution
		{BC3E621D-7525-40A3-ACE9-8596B48EDBFF}.Debug|Any CPU.ActiveCfg = Debug|Any CPU
		{BC3E621D-7525-40A3-ACE9-8596B48EDBFF}.Debug|Any CPU.Build.0 = Debug|Any CPU
		{BC3E621D-7525-40A3-ACE9-8596B48EDBFF}.Release|Any CPU.ActiveCfg = Release|Any CPU
		{BC3E621D-7525-40A3-ACE9-8596B48EDBFF}.Release|Any CPU.Build.0 = Release|Any CPU
		{232F59EB-D796-490C-AEF7-12DBB7F76B6E}.Debug|Any CPU.ActiveCfg = Debug|Any CPU
		{232F59EB-D796-490C-AEF7-12DBB7F76B6E}.Debug|Any CPU.Build.0 = Debug|Any CPU
		{232F59EB-D796-490C-AEF7-12DBB7F76B6E}.Release|Any CPU.ActiveCfg = Release|Any CPU
		{232F59EB-D796-490C-AEF7-12DBB7F76B6E}.Release|Any CPU.Build.0 = Release|Any CPU
		{5EEF8014-0320-4EE0-A9AB-A55ADF4E1A30}.Debug|Any CPU.ActiveCfg = Debug|Any CPU
		{5EEF8014-0320-4EE0-A9AB-A55ADF4E1A30}.Debug|Any CPU.Build.0 = Debug|Any CPU
		{5EEF8014-0320-4EE0-A9AB-A55ADF4E1A30}.Release|Any CPU.ActiveCfg = Release|Any CPU
		{5EEF8014-0320-4EE0-A9AB-A55ADF4E1A30}.Release|Any CPU.Build.0 = Release|Any CPU
		{A25D3C28-4DE9-4FC3-9DC8-782ABC1DF436}.Debug|Any CPU.ActiveCfg = Debug|Any CPU
		{A25D3C28-4DE9-4FC3-9DC8-782ABC1DF436}.Debug|Any CPU.Build.0 = Debug|Any CPU
		{A25D3C28-4DE9-4FC3-9DC8-782ABC1DF436}.Release|Any CPU.ActiveCfg = Release|Any CPU
		{A25D3C28-4DE9-4FC3-9DC8-782ABC1DF436}.Release|Any CPU.Build.0 = Release|Any CPU
		{C2F54F60-8169-4834-A809-681587F44B83}.Debug|Any CPU.ActiveCfg = Debug|Any CPU
		{C2F54F60-8169-4834-A809-681587F44B83}.Debug|Any CPU.Build.0 = Debug|Any CPU
		{C2F54F60-8169-4834-A809-681587F44B83}.Release|Any CPU.ActiveCfg = Release|Any CPU
		{C2F54F60-8169-4834-A809-681587F44B83}.Release|Any CPU.Build.0 = Release|Any CPU
		{2760104F-63B0-4068-81C4-B60FB59B850E}.Debug|Any CPU.ActiveCfg = Debug|Any CPU
		{2760104F-63B0-4068-81C4-B60FB59B850E}.Debug|Any CPU.Build.0 = Debug|Any CPU
		{2760104F-63B0-4068-81C4-B60FB59B850E}.Release|Any CPU.ActiveCfg = Release|Any CPU
		{2760104F-63B0-4068-81C4-B60FB59B850E}.Release|Any CPU.Build.0 = Release|Any CPU
		{7BA3F73E-EECB-46B2-A1EE-5655B6ED451B}.Debug|Any CPU.ActiveCfg = Debug|Any CPU
		{7BA3F73E-EECB-46B2-A1EE-5655B6ED451B}.Debug|Any CPU.Build.0 = Debug|Any CPU
		{7BA3F73E-EECB-46B2-A1EE-5655B6ED451B}.Release|Any CPU.ActiveCfg = Release|Any CPU
		{7BA3F73E-EECB-46B2-A1EE-5655B6ED451B}.Release|Any CPU.Build.0 = Release|Any CPU
		{8BCB7564-CE7C-4EB0-A196-4848F1C2C5CD}.Debug|Any CPU.ActiveCfg = Debug|Any CPU
		{8BCB7564-CE7C-4EB0-A196-4848F1C2C5CD}.Debug|Any CPU.Build.0 = Debug|Any CPU
		{8BCB7564-CE7C-4EB0-A196-4848F1C2C5CD}.Release|Any CPU.ActiveCfg = Release|Any CPU
		{8BCB7564-CE7C-4EB0-A196-4848F1C2C5CD}.Release|Any CPU.Build.0 = Release|Any CPU
		{3E705FF8-D071-4C7D-BB76-3E0E082BF95D}.Debug|Any CPU.ActiveCfg = Debug|Any CPU
		{3E705FF8-D071-4C7D-BB76-3E0E082BF95D}.Debug|Any CPU.Build.0 = Debug|Any CPU
		{3E705FF8-D071-4C7D-BB76-3E0E082BF95D}.Release|Any CPU.ActiveCfg = Release|Any CPU
		{3E705FF8-D071-4C7D-BB76-3E0E082BF95D}.Release|Any CPU.Build.0 = Release|Any CPU
		{02156E03-001D-4D45-87D3-C4FE36BE574B}.Debug|Any CPU.ActiveCfg = Debug|Any CPU
		{02156E03-001D-4D45-87D3-C4FE36BE574B}.Debug|Any CPU.Build.0 = Debug|Any CPU
		{02156E03-001D-4D45-87D3-C4FE36BE574B}.Release|Any CPU.ActiveCfg = Release|Any CPU
		{02156E03-001D-4D45-87D3-C4FE36BE574B}.Release|Any CPU.Build.0 = Release|Any CPU
		{F6AC1898-61EC-46A7-90FC-7AEFFDFA2203}.Debug|Any CPU.ActiveCfg = Debug|Any CPU
		{F6AC1898-61EC-46A7-90FC-7AEFFDFA2203}.Debug|Any CPU.Build.0 = Debug|Any CPU
		{F6AC1898-61EC-46A7-90FC-7AEFFDFA2203}.Release|Any CPU.ActiveCfg = Release|Any CPU
		{F6AC1898-61EC-46A7-90FC-7AEFFDFA2203}.Release|Any CPU.Build.0 = Release|Any CPU
		{45C16FE3-174C-4892-9D9E-90A6D474C4BC}.Debug|Any CPU.ActiveCfg = Debug|Any CPU
		{45C16FE3-174C-4892-9D9E-90A6D474C4BC}.Debug|Any CPU.Build.0 = Debug|Any CPU
		{45C16FE3-174C-4892-9D9E-90A6D474C4BC}.Release|Any CPU.ActiveCfg = Release|Any CPU
		{45C16FE3-174C-4892-9D9E-90A6D474C4BC}.Release|Any CPU.Build.0 = Release|Any CPU
		{04E5DBA1-81E8-49CC-ACD3-B16BD7C06825}.Debug|Any CPU.ActiveCfg = Debug|Any CPU
		{04E5DBA1-81E8-49CC-ACD3-B16BD7C06825}.Debug|Any CPU.Build.0 = Debug|Any CPU
		{04E5DBA1-81E8-49CC-ACD3-B16BD7C06825}.Release|Any CPU.ActiveCfg = Release|Any CPU
		{04E5DBA1-81E8-49CC-ACD3-B16BD7C06825}.Release|Any CPU.Build.0 = Release|Any CPU
		{BD082F93-ACB2-460D-8033-5612E24D79BC}.Debug|Any CPU.ActiveCfg = Debug|Any CPU
		{BD082F93-ACB2-460D-8033-5612E24D79BC}.Debug|Any CPU.Build.0 = Debug|Any CPU
		{BD082F93-ACB2-460D-8033-5612E24D79BC}.Release|Any CPU.ActiveCfg = Release|Any CPU
		{BD082F93-ACB2-460D-8033-5612E24D79BC}.Release|Any CPU.Build.0 = Release|Any CPU
		{D287BDE2-FDDB-4953-97FB-D11E6A225247}.Debug|Any CPU.ActiveCfg = Debug|Any CPU
		{D287BDE2-FDDB-4953-97FB-D11E6A225247}.Debug|Any CPU.Build.0 = Debug|Any CPU
		{D287BDE2-FDDB-4953-97FB-D11E6A225247}.Release|Any CPU.ActiveCfg = Release|Any CPU
		{D287BDE2-FDDB-4953-97FB-D11E6A225247}.Release|Any CPU.Build.0 = Release|Any CPU
		{A4C020A9-8ED2-44EE-94AA-4C73BD4C1E94}.Debug|Any CPU.ActiveCfg = Debug|Any CPU
		{A4C020A9-8ED2-44EE-94AA-4C73BD4C1E94}.Debug|Any CPU.Build.0 = Debug|Any CPU
		{A4C020A9-8ED2-44EE-94AA-4C73BD4C1E94}.Release|Any CPU.ActiveCfg = Release|Any CPU
		{A4C020A9-8ED2-44EE-94AA-4C73BD4C1E94}.Release|Any CPU.Build.0 = Release|Any CPU
		{1C8F0C09-9698-40FD-94EC-9EC6A917F981}.Debug|Any CPU.ActiveCfg = Debug|Any CPU
		{1C8F0C09-9698-40FD-94EC-9EC6A917F981}.Debug|Any CPU.Build.0 = Debug|Any CPU
		{1C8F0C09-9698-40FD-94EC-9EC6A917F981}.Release|Any CPU.ActiveCfg = Release|Any CPU
		{1C8F0C09-9698-40FD-94EC-9EC6A917F981}.Release|Any CPU.Build.0 = Release|Any CPU
		{5121EB9D-8B84-42F7-BF06-C41B300D4EEA}.Debug|Any CPU.ActiveCfg = Debug|Any CPU
		{5121EB9D-8B84-42F7-BF06-C41B300D4EEA}.Debug|Any CPU.Build.0 = Debug|Any CPU
		{5121EB9D-8B84-42F7-BF06-C41B300D4EEA}.Release|Any CPU.ActiveCfg = Release|Any CPU
		{5121EB9D-8B84-42F7-BF06-C41B300D4EEA}.Release|Any CPU.Build.0 = Release|Any CPU
		{F14F6F19-20CC-4146-B2F7-051395519430}.Debug|Any CPU.ActiveCfg = Debug|Any CPU
		{F14F6F19-20CC-4146-B2F7-051395519430}.Debug|Any CPU.Build.0 = Debug|Any CPU
		{F14F6F19-20CC-4146-B2F7-051395519430}.Release|Any CPU.ActiveCfg = Release|Any CPU
		{F14F6F19-20CC-4146-B2F7-051395519430}.Release|Any CPU.Build.0 = Release|Any CPU
		{6D0FBCED-4B02-43FB-BA44-5D1614065E8A}.Debug|Any CPU.ActiveCfg = Debug|Any CPU
		{6D0FBCED-4B02-43FB-BA44-5D1614065E8A}.Debug|Any CPU.Build.0 = Debug|Any CPU
		{6D0FBCED-4B02-43FB-BA44-5D1614065E8A}.Release|Any CPU.ActiveCfg = Release|Any CPU
		{6D0FBCED-4B02-43FB-BA44-5D1614065E8A}.Release|Any CPU.Build.0 = Release|Any CPU
		{41F4923C-BEAE-40EA-AAB7-208323D0C3E6}.Debug|Any CPU.ActiveCfg = Debug|Any CPU
		{41F4923C-BEAE-40EA-AAB7-208323D0C3E6}.Debug|Any CPU.Build.0 = Debug|Any CPU
		{41F4923C-BEAE-40EA-AAB7-208323D0C3E6}.Release|Any CPU.ActiveCfg = Release|Any CPU
		{41F4923C-BEAE-40EA-AAB7-208323D0C3E6}.Release|Any CPU.Build.0 = Release|Any CPU
		{37C0ADA1-529D-439E-89F9-D55E79F3AA57}.Debug|Any CPU.ActiveCfg = Debug|Any CPU
		{37C0ADA1-529D-439E-89F9-D55E79F3AA57}.Debug|Any CPU.Build.0 = Debug|Any CPU
		{37C0ADA1-529D-439E-89F9-D55E79F3AA57}.Release|Any CPU.ActiveCfg = Release|Any CPU
		{37C0ADA1-529D-439E-89F9-D55E79F3AA57}.Release|Any CPU.Build.0 = Release|Any CPU
		{F338A99A-D4A6-4EAF-966F-162A5CD2ABBC}.Debug|Any CPU.ActiveCfg = Debug|Any CPU
		{F338A99A-D4A6-4EAF-966F-162A5CD2ABBC}.Debug|Any CPU.Build.0 = Debug|Any CPU
		{F338A99A-D4A6-4EAF-966F-162A5CD2ABBC}.Release|Any CPU.ActiveCfg = Release|Any CPU
		{F338A99A-D4A6-4EAF-966F-162A5CD2ABBC}.Release|Any CPU.Build.0 = Release|Any CPU
		{8F683DC1-FF52-44B9-871D-FAA54E7E121E}.Debug|Any CPU.ActiveCfg = Debug|Any CPU
		{8F683DC1-FF52-44B9-871D-FAA54E7E121E}.Debug|Any CPU.Build.0 = Debug|Any CPU
		{8F683DC1-FF52-44B9-871D-FAA54E7E121E}.Release|Any CPU.ActiveCfg = Release|Any CPU
		{8F683DC1-FF52-44B9-871D-FAA54E7E121E}.Release|Any CPU.Build.0 = Release|Any CPU
		{A5174515-C545-4176-BDAF-02B74174C717}.Debug|Any CPU.ActiveCfg = Debug|Any CPU
		{A5174515-C545-4176-BDAF-02B74174C717}.Debug|Any CPU.Build.0 = Debug|Any CPU
		{A5174515-C545-4176-BDAF-02B74174C717}.Release|Any CPU.ActiveCfg = Release|Any CPU
		{A5174515-C545-4176-BDAF-02B74174C717}.Release|Any CPU.Build.0 = Release|Any CPU
	EndGlobalSection
	GlobalSection(SolutionProperties) = preSolution
		HideSolutionNode = FALSE
	EndGlobalSection
EndGlobal
