
Microsoft Visual Studio Solution File, Format Version 12.00
# Visual Studio 14
VisualStudioVersion = 14.0.25420.1
MinimumVisualStudioVersion = 10.0.40219.1
Project("{FAE04EC0-301F-11D3-BF4B-00C04F79EFBC}") = "SoftUniAirline", "SoftUniAirline\SoftUniAirline.csproj", "{1CC28229-72B9-4C04-9A8D-E494FF6549A1}"
EndProject
Project("{FAE04EC0-301F-11D3-BF4B-00C04F79EFBC}") = "SoftUniWaterSupplies", "SoftUniWaterSupplies\SoftUniWaterSupplies.csproj", "{44639E37-9999-472E-AB23-09D7A6932F30}"
EndProject
Project("{FAE04EC0-301F-11D3-BF4B-00C04F79EFBC}") = "SoftUniCoffeeSupplies", "SoftUniCoffeeSupplies\SoftUniCoffeeSupplies.csproj", "{C2C7881F-FB72-4679-9D90-3793CD6EA4AD}"
EndProject
Global
	GlobalSection(SolutionConfigurationPlatforms) = preSolution
		Debug|Any CPU = Debug|Any CPU
		Release|Any CPU = Release|Any CPU
	EndGlobalSection
	GlobalSection(ProjectConfigurationPlatforms) = postSolution
		{1CC28229-72B9-4C04-9A8D-E494FF6549A1}.Debug|Any CPU.ActiveCfg = Debug|Any CPU
		{1CC28229-72B9-4C04-9A8D-E494FF6549A1}.Debug|Any CPU.Build.0 = Debug|Any CPU
		{1CC28229-72B9-4C04-9A8D-E494FF6549A1}.Release|Any CPU.ActiveCfg = Release|Any CPU
		{1CC28229-72B9-4C04-9A8D-E494FF6549A1}.Release|Any CPU.Build.0 = Release|Any CPU
		{44639E37-9999-472E-AB23-09D7A6932F30}.Debug|Any CPU.ActiveCfg = Debug|Any CPU
		{44639E37-9999-472E-AB23-09D7A6932F30}.Debug|Any CPU.Build.0 = Debug|Any CPU
		{44639E37-9999-472E-AB23-09D7A6932F30}.Release|Any CPU.ActiveCfg = Release|Any CPU
		{44639E37-9999-472E-AB23-09D7A6932F30}.Release|Any CPU.Build.0 = Release|Any CPU
		{C2C7881F-FB72-4679-9D90-3793CD6EA4AD}.Debug|Any CPU.ActiveCfg = Debug|Any CPU
		{C2C7881F-FB72-4679-9D90-3793CD6EA4AD}.Debug|Any CPU.Build.0 = Debug|Any CPU
		{C2C7881F-FB72-4679-9D90-3793CD6EA4AD}.Release|Any CPU.ActiveCfg = Release|Any CPU
		{C2C7881F-FB72-4679-9D90-3793CD6EA4AD}.Release|Any CPU.Build.0 = Release|Any CPU
	EndGlobalSection
	GlobalSection(SolutionProperties) = preSolution
		HideSolutionNode = FALSE
	EndGlobalSection
EndGlobal
